
Microsoft Visual Studio Solution File, Format Version 12.00
# Visual Studio Version 16
VisualStudioVersion = 16.0.29215.179
MinimumVisualStudioVersion = 10.0.40219.1
Project("{9092AA53-FB77-4645-B42D-1CCCA6BD08BD}") = "modal_windows", "modal_windows.njsproj", "{CBF4AF9C-DB74-4301-9159-1DC3B55B344E}"
EndProject
Global
	GlobalSection(SolutionConfigurationPlatforms) = preSolution
		Debug|Any CPU = Debug|Any CPU
		Release|Any CPU = Release|Any CPU
	EndGlobalSection
	GlobalSection(ProjectConfigurationPlatforms) = postSolution
		{CBF4AF9C-DB74-4301-9159-1DC3B55B344E}.Debug|Any CPU.ActiveCfg = Debug|Any CPU
		{CBF4AF9C-DB74-4301-9159-1DC3B55B344E}.Debug|Any CPU.Build.0 = Debug|Any CPU
		{CBF4AF9C-DB74-4301-9159-1DC3B55B344E}.Release|Any CPU.ActiveCfg = Release|Any CPU
		{CBF4AF9C-DB74-4301-9159-1DC3B55B344E}.Release|Any CPU.Build.0 = Release|Any CPU
	EndGlobalSection
	GlobalSection(SolutionProperties) = preSolution
		HideSolutionNode = FALSE
	EndGlobalSection
	GlobalSection(ExtensibilityGlobals) = postSolution
		SolutionGuid = {5C731136-D2A8-4308-AFF1-1B8415C6D5AE}
	EndGlobalSection
EndGlobal
